
Microsoft Visual Studio Solution File, Format Version 12.00
# Visual Studio Version 17
VisualStudioVersion = 17.14.36930.0 d17.14
MinimumVisualStudioVersion = 10.0.40219.1
Project("{FAE04EC0-301F-11D3-BF4B-00C04F79EFBC}") = "MarketApp", "MarketApp\MarketApp.csproj", "{D1F4153A-A1BA-46E1-8E14-86C653BFAAC7}"
EndProject
Global
	GlobalSection(SolutionConfigurationPlatforms) = preSolution
		Debug|Any CPU = Debug|Any CPU
		Release|Any CPU = Release|Any CPU
	EndGlobalSection
	GlobalSection(ProjectConfigurationPlatforms) = postSolution
		{D1F4153A-A1BA-46E1-8E14-86C653BFAAC7}.Debug|Any CPU.ActiveCfg = Debug|Any CPU
		{D1F4153A-A1BA-46E1-8E14-86C653BFAAC7}.Debug|Any CPU.Build.0 = Debug|Any CPU
		{D1F4153A-A1BA-46E1-8E14-86C653BFAAC7}.Release|Any CPU.ActiveCfg = Release|Any CPU
		{D1F4153A-A1BA-46E1-8E14-86C653BFAAC7}.Release|Any CPU.Build.0 = Release|Any CPU
	EndGlobalSection
	GlobalSection(SolutionProperties) = preSolution
		HideSolutionNode = FALSE
	EndGlobalSection
	GlobalSection(ExtensibilityGlobals) = postSolution
		SolutionGuid = {5A35715C-9554-4D10-A62D-EC28B89FEF27}
	EndGlobalSection
EndGlobal
